// !$*UTF8*$!
{
	archiveVersion = 1;
	classes = {
	};
	objectVersion = 50;
	objects = {

/* Begin PBXBuildFile section */
		55E606DC221CDF3400F21FCE /* M3u8ResourceLoader_OC.m in Sources */ = {isa = PBXBuildFile; fileRef = 55E606DB221CDF3400F21FCE /* M3u8ResourceLoader_OC.m */; };
		55EACEDD21B4B8B8000A7D95 /* AppDelegate.swift in Sources */ = {isa = PBXBuildFile; fileRef = 55EACEDC21B4B8B8000A7D95 /* AppDelegate.swift */; };
		55EACEDF21B4B8B8000A7D95 /* ViewController.swift in Sources */ = {isa = PBXBuildFile; fileRef = 55EACEDE21B4B8B8000A7D95 /* ViewController.swift */; };
		55EACEE421B4B8BA000A7D95 /* Assets.xcassets in Resources */ = {isa = PBXBuildFile; fileRef = 55EACEE321B4B8BA000A7D95 /* Assets.xcassets */; };
		55EACEEF21B4B990000A7D95 /* M3u8ResourceLoader.swift in Sources */ = {isa = PBXBuildFile; fileRef = 55EACEEE21B4B990000A7D95 /* M3u8ResourceLoader.swift */; };
		C86D7A6D1274AB4FDBAB1C3E /* Pods_M3u8Demo.framework in Frameworks */ = {isa = PBXBuildFile; fileRef = 0F029724E371F4DD13914CE7 /* Pods_M3u8Demo.framework */; };
/* End PBXBuildFile section */

/* Begin PBXFileReference section */
		0F029724E371F4DD13914CE7 /* Pods_M3u8Demo.framework */ = {isa = PBXFileReference; explicitFileType = wrapper.framework; includeInIndex = 0; path = Pods_M3u8Demo.framework; sourceTree = BUILT_PRODUCTS_DIR; };
		55E606D3221CDEE100F21FCE /* M3u8Demo-Bridging-Header.h */ = {isa = PBXFileReference; lastKnownFileType = sourcecode.c.h; path = "M3u8Demo-Bridging-Header.h"; sourceTree = "<group>"; };
		55E606DA221CDF3400F21FCE /* M3u8ResourceLoader_OC.h */ = {isa = PBXFileReference; lastKnownFileType = sourcecode.c.h; path = M3u8ResourceLoader_OC.h; sourceTree = "<group>"; };
		55E606DB221CDF3400F21FCE /* M3u8ResourceLoader_OC.m */ = {isa = PBXFileReference; lastKnownFileType = sourcecode.c.objc; path = M3u8ResourceLoader_OC.m; sourceTree = "<group>"; };
		55EACED921B4B8B8000A7D95 /* M3u8Demo.app */ = {isa = PBXFileReference; explicitFileType = wrapper.application; includeInIndex = 0; path = M3u8Demo.app; sourceTree = BUILT_PRODUCTS_DIR; };
		55EACEDC21B4B8B8000A7D95 /* AppDelegate.swift */ = {isa = PBXFileReference; lastKnownFileType = sourcecode.swift; path = AppDelegate.swift; sourceTree = "<group>"; };
		55EACEDE21B4B8B8000A7D95 /* ViewController.swift */ = {isa = PBXFileReference; lastKnownFileType = sourcecode.swift; path = ViewController.swift; sourceTree = "<group>"; };
		55EACEE321B4B8BA000A7D95 /* Assets.xcassets */ = {isa = PBXFileReference; lastKnownFileType = folder.assetcatalog; path = Assets.xcassets; sourceTree = "<group>"; };
		55EACEE821B4B8BA000A7D95 /* Info.plist */ = {isa = PBXFileReference; lastKnownFileType = text.plist.xml; path = Info.plist; sourceTree = "<group>"; };
		55EACEEE21B4B990000A7D95 /* M3u8ResourceLoader.swift */ = {isa = PBXFileReference; lastKnownFileType = sourcecode.swift; path = M3u8ResourceLoader.swift; sourceTree = "<group>"; };
		5ADE4C4E3EA785CB09065E13 /* Pods-M3u8Demo.debug.xcconfig */ = {isa = PBXFileReference; includeInIndex = 1; lastKnownFileType = text.xcconfig; name = "Pods-M3u8Demo.debug.xcconfig"; path = "Pods/Target Support Files/Pods-M3u8Demo/Pods-M3u8Demo.debug.xcconfig"; sourceTree = "<group>"; };
		A13704602D7F584CA5075EC4 /* Pods-M3u8Demo.release.xcconfig */ = {isa = PBXFileReference; includeInIndex = 1; lastKnownFileType = text.xcconfig; name = "Pods-M3u8Demo.release.xcconfig"; path = "Pods/Target Support Files/Pods-M3u8Demo/Pods-M3u8Demo.release.xcconfig"; sourceTree = "<group>"; };
/* End PBXFileReference section */

/* Begin PBXFrameworksBuildPhase section */
		55EACED621B4B8B8000A7D95 /* Frameworks */ = {
			isa = PBXFrameworksBuildPhase;
			buildActionMask = 2147483647;
			files = (
				C86D7A6D1274AB4FDBAB1C3E /* Pods_M3u8Demo.framework in Frameworks */,
			);
			runOnlyForDeploymentPostprocessing = 0;
		};
/* End PBXFrameworksBuildPhase section */

/* Begin PBXGroup section */
		04ED7E0FCAEA9BA4264C42F0 /* Pods */ = {
			isa = PBXGroup;
			children = (
				5ADE4C4E3EA785CB09065E13 /* Pods-M3u8Demo.debug.xcconfig */,
				A13704602D7F584CA5075EC4 /* Pods-M3u8Demo.release.xcconfig */,
			);
			name = Pods;
			sourceTree = "<group>";
		};
		55EACED021B4B8B8000A7D95 = {
			isa = PBXGroup;
			children = (
				55EACEDB21B4B8B8000A7D95 /* M3u8Demo */,
				55EACEDA21B4B8B8000A7D95 /* Products */,
				04ED7E0FCAEA9BA4264C42F0 /* Pods */,
				7742DA3E89D1B8AF5D4BB45A /* Frameworks */,
			);
			sourceTree = "<group>";
		};
		55EACEDA21B4B8B8000A7D95 /* Products */ = {
			isa = PBXGroup;
			children = (
				55EACED921B4B8B8000A7D95 /* M3u8Demo.app */,
			);
			name = Products;
			sourceTree = "<group>";
		};
		55EACEDB21B4B8B8000A7D95 /* M3u8Demo */ = {
			isa = PBXGroup;
			children = (
				55EACEDE21B4B8B8000A7D95 /* ViewController.swift */,
				55EACEEE21B4B990000A7D95 /* M3u8ResourceLoader.swift */,
				55E606DA221CDF3400F21FCE /* M3u8ResourceLoader_OC.h */,
				55E606DB221CDF3400F21FCE /* M3u8ResourceLoader_OC.m */,
				55EACEE321B4B8BA000A7D95 /* Assets.xcassets */,
				55EACEE821B4B8BA000A7D95 /* Info.plist */,
				55EACEDC21B4B8B8000A7D95 /* AppDelegate.swift */,
				55E606D3221CDEE100F21FCE /* M3u8Demo-Bridging-Header.h */,
			);
			path = M3u8Demo;
			sourceTree = "<group>";
		};
		7742DA3E89D1B8AF5D4BB45A /* Frameworks */ = {
			isa = PBXGroup;
			children = (
				0F029724E371F4DD13914CE7 /* Pods_M3u8Demo.framework */,
			);
			name = Frameworks;
			sourceTree = "<group>";
		};
/* End PBXGroup section */

/* Begin PBXNativeTarget section */
		55EACED821B4B8B8000A7D95 /* M3u8Demo */ = {
			isa = PBXNativeTarget;
			buildConfigurationList = 55EACEEB21B4B8BA000A7D95 /* Build configuration list for PBXNativeTarget "M3u8Demo" */;
			buildPhases = (
				22668652C0E28E09E64144D9 /* [CP] Check Pods Manifest.lock */,
				55EACED521B4B8B8000A7D95 /* Sources */,
				55EACED621B4B8B8000A7D95 /* Frameworks */,
				55EACED721B4B8B8000A7D95 /* Resources */,
				6FD1ACC916D5F126BE31AB30 /* [CP] Embed Pods Frameworks */,
			);
			buildRules = (
			);
			dependencies = (
			);
			name = M3u8Demo;
			productName = M3u8Demo;
			productReference = 55EACED921B4B8B8000A7D95 /* M3u8Demo.app */;
			productType = "com.apple.product-type.application";
		};
/* End PBXNativeTarget section */

/* Begin PBXProject section */
		55EACED121B4B8B8000A7D95 /* Project object */ = {
			isa = PBXProject;
			attributes = {
				LastSwiftUpdateCheck = 1000;
				LastUpgradeCheck = 1000;
				ORGANIZATIONNAME = owen;
				TargetAttributes = {
					55EACED821B4B8B8000A7D95 = {
						CreatedOnToolsVersion = 10.0;
						LastSwiftMigration = 1000;
					};
				};
			};
			buildConfigurationList = 55EACED421B4B8B8000A7D95 /* Build configuration list for PBXProject "M3u8Demo" */;
			compatibilityVersion = "Xcode 9.3";
			developmentRegion = en;
			hasScannedForEncodings = 0;
			knownRegions = (
				en,
				Base,
			);
			mainGroup = 55EACED021B4B8B8000A7D95;
			productRefGroup = 55EACEDA21B4B8B8000A7D95 /* Products */;
			projectDirPath = "";
			projectRoot = "";
			targets = (
				55EACED821B4B8B8000A7D95 /* M3u8Demo */,
			);
		};
/* End PBXProject section */

/* Begin PBXResourcesBuildPhase section */
		55EACED721B4B8B8000A7D95 /* Resources */ = {
			isa = PBXResourcesBuildPhase;
			buildActionMask = 2147483647;
			files = (
				55EACEE421B4B8BA000A7D95 /* Assets.xcassets in Resources */,
			);
			runOnlyForDeploymentPostprocessing = 0;
		};
/* End PBXResourcesBuildPhase section */

/* Begin PBXShellScriptBuildPhase section */
		22668652C0E28E09E64144D9 /* [CP] Check Pods Manifest.lock */ = {
			isa = PBXShellScriptBuildPhase;
			buildActionMask = 2147483647;
			files = (
			);
			inputPaths = (
				"${PODS_PODFILE_DIR_PATH}/Podfile.lock",
				"${PODS_ROOT}/Manifest.lock",
			);
			name = "[CP] Check Pods Manifest.lock";
			outputPaths = (
				"$(DERIVED_FILE_DIR)/Pods-M3u8Demo-checkManifestLockResult.txt",
			);
			runOnlyForDeploymentPostprocessing = 0;
			shellPath = /bin/sh;
			shellScript = "diff \"${PODS_PODFILE_DIR_PATH}/Podfile.lock\" \"${PODS_ROOT}/Manifest.lock\" > /dev/null\nif [ $? != 0 ] ; then\n    # print error to STDERR\n    echo \"error: The sandbox is not in sync with the Podfile.lock. Run 'pod install' or update your CocoaPods installation.\" >&2\n    exit 1\nfi\n# This output is used by Xcode 'outputs' to avoid re-running this script phase.\necho \"SUCCESS\" > \"${SCRIPT_OUTPUT_FILE_0}\"\n";
			showEnvVarsInLog = 0;
		};
		6FD1ACC916D5F126BE31AB30 /* [CP] Embed Pods Frameworks */ = {
			isa = PBXShellScriptBuildPhase;
			buildActionMask = 2147483647;
			files = (
			);
			inputPaths = (
				"${SRCROOT}/Pods/Target Support Files/Pods-M3u8Demo/Pods-M3u8Demo-frameworks.sh",
				"${BUILT_PRODUCTS_DIR}/Alamofire/Alamofire.framework",
				"${BUILT_PRODUCTS_DIR}/SnapKit/SnapKit.framework",
			);
			name = "[CP] Embed Pods Frameworks";
			outputPaths = (
				"${TARGET_BUILD_DIR}/${FRAMEWORKS_FOLDER_PATH}/Alamofire.framework",
				"${TARGET_BUILD_DIR}/${FRAMEWORKS_FOLDER_PATH}/SnapKit.framework",
			);
			runOnlyForDeploymentPostprocessing = 0;
			shellPath = /bin/sh;
			shellScript = "\"${SRCROOT}/Pods/Target Support Files/Pods-M3u8Demo/Pods-M3u8Demo-frameworks.sh\"\n";
			showEnvVarsInLog = 0;
		};
/* End PBXShellScriptBuildPhase section */

/* Begin PBXSourcesBuildPhase section */
		55EACED521B4B8B8000A7D95 /* Sources */ = {
			isa = PBXSourcesBuildPhase;
			buildActionMask = 2147483647;
			files = (
				55EACEDF21B4B8B8000A7D95 /* ViewController.swift in Sources */,
				55EACEDD21B4B8B8000A7D95 /* AppDelegate.swift in Sources */,
				55EACEEF21B4B990000A7D95 /* M3u8ResourceLoader.swift in Sources */,
				55E606DC221CDF3400F21FCE /* M3u8ResourceLoader_OC.m in Sources */,
			);
			runOnlyForDeploymentPostprocessing = 0;
		};
/* End PBXSourcesBuildPhase section */

/* Begin XCBuildConfiguration section */
		55EACEE921B4B8BA000A7D95 /* Debug */ = {
			isa = XCBuildConfiguration;
			buildSettings = {
				ALWAYS_SEARCH_USER_PATHS = NO;
				CLANG_ANALYZER_NONNULL = YES;
				CLANG_ANALYZER_NUMBER_OBJECT_CONVERSION = YES_AGGRESSIVE;
				CLANG_CXX_LANGUAGE_STANDARD = "gnu++14";
				CLANG_CXX_LIBRARY = "libc++";
				CLANG_ENABLE_MODULES = YES;
				CLANG_ENABLE_OBJC_ARC = YES;
				CLANG_ENABLE_OBJC_WEAK = YES;
				CLANG_WARN_BLOCK_CAPTURE_AUTORELEASING = YES;
				CLANG_WARN_BOOL_CONVERSION = YES;
				CLANG_WARN_COMMA = YES;
				CLANG_WARN_CONSTANT_CONVERSION = YES;
				CLANG_WARN_DEPRECATED_OBJC_IMPLEMENTATIONS = YES;
				CLANG_WARN_DIRECT_OBJC_ISA_USAGE = YES_ERROR;
				CLANG_WARN_DOCUMENTATION_COMMENTS = YES;
				CLANG_WARN_EMPTY_BODY = YES;
				CLANG_WARN_ENUM_CONVERSION = YES;
				CLANG_WARN_INFINITE_RECURSION = YES;
				CLANG_WARN_INT_CONVERSION = YES;
				CLANG_WARN_NON_LITERAL_NULL_CONVERSION = YES;
				CLANG_WARN_OBJC_IMPLICIT_RETAIN_SELF = YES;
				CLANG_WARN_OBJC_LITERAL_CONVERSION = YES;
				CLANG_WARN_OBJC_ROOT_CLASS = YES_ERROR;
				CLANG_WARN_RANGE_LOOP_ANALYSIS = YES;
				CLANG_WARN_STRICT_PROTOTYPES = YES;
				CLANG_WARN_SUSPICIOUS_MOVE = YES;
				CLANG_WARN_UNGUARDED_AVAILABILITY = YES_AGGRESSIVE;
				CLANG_WARN_UNREACHABLE_CODE = YES;
				CLANG_WARN__DUPLICATE_METHOD_MATCH = YES;
				CODE_SIGN_IDENTITY = "iPhone Developer";
				COPY_PHASE_STRIP = NO;
				DEBUG_INFORMATION_FORMAT = dwarf;
				ENABLE_STRICT_OBJC_MSGSEND = YES;
				ENABLE_TESTABILITY = YES;
				GCC_C_LANGUAGE_STANDARD = gnu11;
				GCC_DYNAMIC_NO_PIC = NO;
				GCC_NO_COMMON_BLOCKS = YES;
				GCC_OPTIMIZATION_LEVEL = 0;
				GCC_PREPROCESSOR_DEFINITIONS = (
					"DEBUG=1",
					"$(inherited)",
				);
				GCC_WARN_64_TO_32_BIT_CONVERSION = YES;
				GCC_WARN_ABOUT_RETURN_TYPE = YES_ERROR;
				GCC_WARN_UNDECLARED_SELECTOR = YES;
				GCC_WARN_UNINITIALIZED_AUTOS = YES_AGGRESSIVE;
				GCC_WARN_UNUSED_FUNCTION = YES;
				GCC_WARN_UNUSED_VARIABLE = YES;
				IPHONEOS_DEPLOYMENT_TARGET = 12.0;
				MTL_ENABLE_DEBUG_INFO = INCLUDE_SOURCE;
				MTL_FAST_MATH = YES;
				ONLY_ACTIVE_ARCH = YES;
				SDKROOT = iphoneos;
				SWIFT_ACTIVE_COMPILATION_CONDITIONS = DEBUG;
				SWIFT_OPTIMIZATION_LEVEL = "-Onone";
			};
			name = Debug;
		};
		55EACEEA21B4B8BA000A7D95 /* Release */ = {
			isa = XCBuildConfiguration;
			buildSettings = {
				ALWAYS_SEARCH_USER_PATHS = NO;
				CLANG_ANALYZER_NONNULL = YES;
				CLANG_ANALYZER_NUMBER_OBJECT_CONVERSION = YES_AGGRESSIVE;
				CLANG_CXX_LANGUAGE_STANDARD = "gnu++14";
				CLANG_CXX_LIBRARY = "libc++";
				CLANG_ENABLE_MODULES = YES;
				CLANG_ENABLE_OBJC_ARC = YES;
				CLANG_ENABLE_OBJC_WEAK = YES;
				CLANG_WARN_BLOCK_CAPTURE_AUTORELEASING = YES;
				CLANG_WARN_BOOL_CONVERSION = YES;
				CLANG_WARN_COMMA = YES;
				CLANG_WARN_CONSTANT_CONVERSION = YES;
				CLANG_WARN_DEPRECATED_OBJC_IMPLEMENTATIONS = YES;
				CLANG_WARN_DIRECT_OBJC_ISA_USAGE = YES_ERROR;
				CLANG_WARN_DOCUMENTATION_COMMENTS = YES;
				CLANG_WARN_EMPTY_BODY = YES;
				CLANG_WARN_ENUM_CONVERSION = YES;
				CLANG_WARN_INFINITE_RECURSION = YES;
				CLANG_WARN_INT_CONVERSION = YES;
				CLANG_WARN_NON_LITERAL_NULL_CONVERSION = YES;
				CLANG_WARN_OBJC_IMPLICIT_RETAIN_SELF = YES;
				CLANG_WARN_OBJC_LITERAL_CONVERSION = YES;
				CLANG_WARN_OBJC_ROOT_CLASS = YES_ERROR;
				CLANG_WARN_RANGE_LOOP_ANALYSIS = YES;
				CLANG_WARN_STRICT_PROTOTYPES = YES;
				CLANG_WARN_SUSPICIOUS_MOVE = YES;
				CLANG_WARN_UNGUARDED_AVAILABILITY = YES_AGGRESSIVE;
				CLANG_WARN_UNREACHABLE_CODE = YES;
				CLANG_WARN__DUPLICATE_METHOD_MATCH = YES;
				CODE_SIGN_IDENTITY = "iPhone Developer";
				COPY_PHASE_STRIP = NO;
				DEBUG_INFORMATION_FORMAT = "dwarf-with-dsym";
				ENABLE_NS_ASSERTIONS = NO;
				ENABLE_STRICT_OBJC_MSGSEND = YES;
				GCC_C_LANGUAGE_STANDARD = gnu11;
				GCC_NO_COMMON_BLOCKS = YES;
				GCC_WARN_64_TO_32_BIT_CONVERSION = YES;
				GCC_WARN_ABOUT_RETURN_TYPE = YES_ERROR;
				GCC_WARN_UNDECLARED_SELECTOR = YES;
				GCC_WARN_UNINITIALIZED_AUTOS = YES_AGGRESSIVE;
				GCC_WARN_UNUSED_FUNCTION = YES;
				GCC_WARN_UNUSED_VARIABLE = YES;
				IPHONEOS_DEPLOYMENT_TARGET = 12.0;
				MTL_ENABLE_DEBUG_INFO = NO;
				MTL_FAST_MATH = YES;
				SDKROOT = iphoneos;
				SWIFT_COMPILATION_MODE = wholemodule;
				SWIFT_OPTIMIZATION_LEVEL = "-O";
				VALIDATE_PRODUCT = YES;
			};
			name = Release;
		};
		55EACEEC21B4B8BA000A7D95 /* Debug */ = {
			isa = XCBuildConfiguration;
			baseConfigurationReference = 5ADE4C4E3EA785CB09065E13 /* Pods-M3u8Demo.debug.xcconfig */;
			buildSettings = {
				ASSETCATALOG_COMPILER_APPICON_NAME = AppIcon;
				ASSETCATALOG_COMPILER_LAUNCHIMAGE_NAME = LaunchImage;
				CLANG_ENABLE_MODULES = YES;
				CODE_SIGN_STYLE = Automatic;
				DEVELOPMENT_TEAM = "";
				INFOPLIST_FILE = M3u8Demo/Info.plist;
				IPHONEOS_DEPLOYMENT_TARGET = 9.0;
				LD_RUNPATH_SEARCH_PATHS = (
					"$(inherited)",
					"@executable_path/Frameworks",
				);
				PRODUCT_BUNDLE_IDENTIFIER = owen.M3u8Demo;
				PRODUCT_NAME = "$(TARGET_NAME)";
				SWIFT_OBJC_BRIDGING_HEADER = "M3u8Demo/M3u8Demo-Bridging-Header.h";
				SWIFT_OPTIMIZATION_LEVEL = "-Onone";
				SWIFT_VERSION = 4.2;
				TARGETED_DEVICE_FAMILY = 1;
			};
			name = Debug;
		};
		55EACEED21B4B8BA000A7D95 /* Release */ = {
			isa = XCBuildConfiguration;
			baseConfigurationReference = A13704602D7F584CA5075EC4 /* Pods-M3u8Demo.release.xcconfig */;
			buildSettings = {
				ASSETCATALOG_COMPILER_APPICON_NAME = AppIcon;
				ASSETCATALOG_COMPILER_LAUNCHIMAGE_NAME = LaunchImage;
				CLANG_ENABLE_MODULES = YES;
				CODE_SIGN_STYLE = Automatic;
				DEVELOPMENT_TEAM = "";
				INFOPLIST_FILE = M3u8Demo/Info.plist;
				IPHONEOS_DEPLOYMENT_TARGET = 9.0;
				LD_RUNPATH_SEARCH_PATHS = (
					"$(inherited)",
					"@executable_path/Frameworks",
				);
				PRODUCT_BUNDLE_IDENTIFIER = owen.M3u8Demo;
				PRODUCT_NAME = "$(TARGET_NAME)";
				SWIFT_OBJC_BRIDGING_HEADER = "M3u8Demo/M3u8Demo-Bridging-Header.h";
				SWIFT_VERSION = 4.2;
				TARGETED_DEVICE_FAMILY = 1;
			};
			name = Release;
		};
/* End XCBuildConfiguration section */

/* Begin XCConfigurationList section */
		55EACED421B4B8B8000A7D95 /* Build configuration list for PBXProject "M3u8Demo" */ = {
			isa = XCConfigurationList;
			buildConfigurations = (
				55EACEE921B4B8BA000A7D95 /* Debug */,
				55EACEEA21B4B8BA000A7D95 /* Release */,
			);
			defaultConfigurationIsVisible = 0;
			defaultConfigurationName = Release;
		};
		55EACEEB21B4B8BA000A7D95 /* Build configuration list for PBXNativeTarget "M3u8Demo" */ = {
			isa = XCConfigurationList;
			buildConfigurations = (
				55EACEEC21B4B8BA000A7D95 /* Debug */,
				55EACEED21B4B8BA000A7D95 /* Release */,
			);
			defaultConfigurationIsVisible = 0;
			defaultConfigurationName = Release;
		};
/* End XCConfigurationList section */
	};
	rootObject = 55EACED121B4B8B8000A7D95 /* Project object */;
}
